
Microsoft Visual Studio Solution File, Format Version 12.00
# Visual Studio Version 17
VisualStudioVersion = 17.14.36202.13
MinimumVisualStudioVersion = 10.0.40219.1
Project("{FAE04EC0-301F-11D3-BF4B-00C04F79EFBC}") = "GSoftPosNew", "GSoftPosNew.csproj", "{5A2D8979-8F6A-08F0-F8C8-D442F840664F}"
EndProject
Project("{FAE04EC0-301F-11D3-BF4B-00C04F79EFBC}") = "Gsoft.WebAPI", "..\Gsoft.WebAPI\Gsoft.WebAPI.csproj", "{E3F50271-2609-430D-8053-BA2AB32613BD}"
EndProject
Global
	GlobalSection(SolutionConfigurationPlatforms) = preSolution
		Debug|Any CPU = Debug|Any CPU
		Release|Any CPU = Release|Any CPU
	EndGlobalSection
	GlobalSection(ProjectConfigurationPlatforms) = postSolution
		{5A2D8979-8F6A-08F0-F8C8-D442F840664F}.Debug|Any CPU.ActiveCfg = Debug|Any CPU
		{5A2D8979-8F6A-08F0-F8C8-D442F840664F}.Debug|Any CPU.Build.0 = Debug|Any CPU
		{5A2D8979-8F6A-08F0-F8C8-D442F840664F}.Release|Any CPU.ActiveCfg = Release|Any CPU
		{5A2D8979-8F6A-08F0-F8C8-D442F840664F}.Release|Any CPU.Build.0 = Release|Any CPU
		{E3F50271-2609-430D-8053-BA2AB32613BD}.Debug|Any CPU.ActiveCfg = Debug|Any CPU
		{E3F50271-2609-430D-8053-BA2AB32613BD}.Debug|Any CPU.Build.0 = Debug|Any CPU
		{E3F50271-2609-430D-8053-BA2AB32613BD}.Release|Any CPU.ActiveCfg = Release|Any CPU
		{E3F50271-2609-430D-8053-BA2AB32613BD}.Release|Any CPU.Build.0 = Release|Any CPU
	EndGlobalSection
	GlobalSection(SolutionProperties) = preSolution
		HideSolutionNode = FALSE
	EndGlobalSection
	GlobalSection(ExtensibilityGlobals) = postSolution
		SolutionGuid = {09E2C750-E404-49FC-B268-D063BBA12AB6}
	EndGlobalSection
EndGlobal
